
Microsoft Visual Studio Solution File, Format Version 12.00
# Visual Studio 15
VisualStudioVersion = 15.0.28010.2048
MinimumVisualStudioVersion = 10.0.40219.1
Project("{FAE04EC0-301F-11D3-BF4B-00C04F79EFBC}") = "HM.Android", "HM\HM.Android\HM.Android.csproj", "{E8DEFB16-8FF5-4390-B5A7-03C48DDF83CC}"
EndProject
Project("{FAE04EC0-301F-11D3-BF4B-00C04F79EFBC}") = "HM.iOS", "HM\HM.iOS\HM.iOS.csproj", "{046C3023-2361-4BBC-8A6A-E8958D7F866A}"
EndProject
Project("{FAE04EC0-301F-11D3-BF4B-00C04F79EFBC}") = "HM", "HM\HM\HM.csproj", "{EC2284B6-CB09-41AE-8617-7FDADFAA44A7}"
EndProject
Global
	GlobalSection(SolutionConfigurationPlatforms) = preSolution
		Ad-Hoc|Any CPU = Ad-Hoc|Any CPU
		Ad-Hoc|iPhone = Ad-Hoc|iPhone
		Ad-Hoc|iPhoneSimulator = Ad-Hoc|iPhoneSimulator
		AppStore|Any CPU = AppStore|Any CPU
		AppStore|iPhone = AppStore|iPhone
		AppStore|iPhoneSimulator = AppStore|iPhoneSimulator
		Debug|Any CPU = Debug|Any CPU
		Debug|iPhone = Debug|iPhone
		Debug|iPhoneSimulator = Debug|iPhoneSimulator
		Release|Any CPU = Release|Any CPU
		Release|iPhone = Release|iPhone
		Release|iPhoneSimulator = Release|iPhoneSimulator
	EndGlobalSection
	GlobalSection(ProjectConfigurationPlatforms) = postSolution
		{E8DEFB16-8FF5-4390-B5A7-03C48DDF83CC}.Ad-Hoc|Any CPU.ActiveCfg = Release|Any CPU
		{E8DEFB16-8FF5-4390-B5A7-03C48DDF83CC}.Ad-Hoc|Any CPU.Build.0 = Release|Any CPU
		{E8DEFB16-8FF5-4390-B5A7-03C48DDF83CC}.Ad-Hoc|Any CPU.Deploy.0 = Release|Any CPU
		{E8DEFB16-8FF5-4390-B5A7-03C48DDF83CC}.Ad-Hoc|iPhone.ActiveCfg = Release|Any CPU
		{E8DEFB16-8FF5-4390-B5A7-03C48DDF83CC}.Ad-Hoc|iPhone.Build.0 = Release|Any CPU
		{E8DEFB16-8FF5-4390-B5A7-03C48DDF83CC}.Ad-Hoc|iPhone.Deploy.0 = Release|Any CPU
		{E8DEFB16-8FF5-4390-B5A7-03C48DDF83CC}.Ad-Hoc|iPhoneSimulator.ActiveCfg = Release|Any CPU
		{E8DEFB16-8FF5-4390-B5A7-03C48DDF83CC}.Ad-Hoc|iPhoneSimulator.Build.0 = Release|Any CPU
		{E8DEFB16-8FF5-4390-B5A7-03C48DDF83CC}.Ad-Hoc|iPhoneSimulator.Deploy.0 = Release|Any CPU
		{E8DEFB16-8FF5-4390-B5A7-03C48DDF83CC}.AppStore|Any CPU.ActiveCfg = Release|Any CPU
		{E8DEFB16-8FF5-4390-B5A7-03C48DDF83CC}.AppStore|Any CPU.Build.0 = Release|Any CPU
		{E8DEFB16-8FF5-4390-B5A7-03C48DDF83CC}.AppStore|Any CPU.Deploy.0 = Release|Any CPU
		{E8DEFB16-8FF5-4390-B5A7-03C48DDF83CC}.AppStore|iPhone.ActiveCfg = Release|Any CPU
		{E8DEFB16-8FF5-4390-B5A7-03C48DDF83CC}.AppStore|iPhone.Build.0 = Release|Any CPU
		{E8DEFB16-8FF5-4390-B5A7-03C48DDF83CC}.AppStore|iPhone.Deploy.0 = Release|Any CPU
		{E8DEFB16-8FF5-4390-B5A7-03C48DDF83CC}.AppStore|iPhoneSimulator.ActiveCfg = Release|Any CPU
		{E8DEFB16-8FF5-4390-B5A7-03C48DDF83CC}.AppStore|iPhoneSimulator.Build.0 = Release|Any CPU
		{E8DEFB16-8FF5-4390-B5A7-03C48DDF83CC}.AppStore|iPhoneSimulator.Deploy.0 = Release|Any CPU
		{E8DEFB16-8FF5-4390-B5A7-03C48DDF83CC}.Debug|Any CPU.ActiveCfg = Debug|Any CPU
		{E8DEFB16-8FF5-4390-B5A7-03C48DDF83CC}.Debug|Any CPU.Build.0 = Debug|Any CPU
		{E8DEFB16-8FF5-4390-B5A7-03C48DDF83CC}.Debug|Any CPU.Deploy.0 = Debug|Any CPU
		{E8DEFB16-8FF5-4390-B5A7-03C48DDF83CC}.Debug|iPhone.ActiveCfg = Debug|Any CPU
		{E8DEFB16-8FF5-4390-B5A7-03C48DDF83CC}.Debug|iPhone.Build.0 = Debug|Any CPU
		{E8DEFB16-8FF5-4390-B5A7-03C48DDF83CC}.Debug|iPhone.Deploy.0 = Debug|Any CPU
		{E8DEFB16-8FF5-4390-B5A7-03C48DDF83CC}.Debug|iPhoneSimulator.ActiveCfg = Debug|Any CPU
		{E8DEFB16-8FF5-4390-B5A7-03C48DDF83CC}.Debug|iPhoneSimulator.Build.0 = Debug|Any CPU
		{E8DEFB16-8FF5-4390-B5A7-03C48DDF83CC}.Debug|iPhoneSimulator.Deploy.0 = Debug|Any CPU
		{E8DEFB16-8FF5-4390-B5A7-03C48DDF83CC}.Release|Any CPU.ActiveCfg = Release|Any CPU
		{E8DEFB16-8FF5-4390-B5A7-03C48DDF83CC}.Release|Any CPU.Build.0 = Release|Any CPU
		{E8DEFB16-8FF5-4390-B5A7-03C48DDF83CC}.Release|Any CPU.Deploy.0 = Release|Any CPU
		{E8DEFB16-8FF5-4390-B5A7-03C48DDF83CC}.Release|iPhone.ActiveCfg = Release|Any CPU
		{E8DEFB16-8FF5-4390-B5A7-03C48DDF83CC}.Release|iPhone.Build.0 = Release|Any CPU
		{E8DEFB16-8FF5-4390-B5A7-03C48DDF83CC}.Release|iPhone.Deploy.0 = Release|Any CPU
		{E8DEFB16-8FF5-4390-B5A7-03C48DDF83CC}.Release|iPhoneSimulator.ActiveCfg = Release|Any CPU
		{E8DEFB16-8FF5-4390-B5A7-03C48DDF83CC}.Release|iPhoneSimulator.Build.0 = Release|Any CPU
		{E8DEFB16-8FF5-4390-B5A7-03C48DDF83CC}.Release|iPhoneSimulator.Deploy.0 = Release|Any CPU
		{046C3023-2361-4BBC-8A6A-E8958D7F866A}.Ad-Hoc|Any CPU.ActiveCfg = Ad-Hoc|iPhone
		{046C3023-2361-4BBC-8A6A-E8958D7F866A}.Ad-Hoc|Any CPU.Build.0 = Ad-Hoc|iPhone
		{046C3023-2361-4BBC-8A6A-E8958D7F866A}.Ad-Hoc|Any CPU.Deploy.0 = Ad-Hoc|iPhone
		{046C3023-2361-4BBC-8A6A-E8958D7F866A}.Ad-Hoc|iPhone.ActiveCfg = Ad-Hoc|iPhone
		{046C3023-2361-4BBC-8A6A-E8958D7F866A}.Ad-Hoc|iPhone.Build.0 = Ad-Hoc|iPhone
		{046C3023-2361-4BBC-8A6A-E8958D7F866A}.Ad-Hoc|iPhone.Deploy.0 = Ad-Hoc|iPhone
		{046C3023-2361-4BBC-8A6A-E8958D7F866A}.Ad-Hoc|iPhoneSimulator.ActiveCfg = Ad-Hoc|iPhoneSimulator
		{046C3023-2361-4BBC-8A6A-E8958D7F866A}.Ad-Hoc|iPhoneSimulator.Build.0 = Ad-Hoc|iPhoneSimulator
		{046C3023-2361-4BBC-8A6A-E8958D7F866A}.Ad-Hoc|iPhoneSimulator.Deploy.0 = Ad-Hoc|iPhoneSimulator
		{046C3023-2361-4BBC-8A6A-E8958D7F866A}.AppStore|Any CPU.ActiveCfg = AppStore|iPhone
		{046C3023-2361-4BBC-8A6A-E8958D7F866A}.AppStore|Any CPU.Build.0 = AppStore|iPhone
		{046C3023-2361-4BBC-8A6A-E8958D7F866A}.AppStore|Any CPU.Deploy.0 = AppStore|iPhone
		{046C3023-2361-4BBC-8A6A-E8958D7F866A}.AppStore|iPhone.ActiveCfg = AppStore|iPhone
		{046C3023-2361-4BBC-8A6A-E8958D7F866A}.AppStore|iPhone.Build.0 = AppStore|iPhone
		{046C3023-2361-4BBC-8A6A-E8958D7F866A}.AppStore|iPhone.Deploy.0 = AppStore|iPhone
		{046C3023-2361-4BBC-8A6A-E8958D7F866A}.AppStore|iPhoneSimulator.ActiveCfg = AppStore|iPhoneSimulator
		{046C3023-2361-4BBC-8A6A-E8958D7F866A}.AppStore|iPhoneSimulator.Build.0 = AppStore|iPhoneSimulator
		{046C3023-2361-4BBC-8A6A-E8958D7F866A}.AppStore|iPhoneSimulator.Deploy.0 = AppStore|iPhoneSimulator
		{046C3023-2361-4BBC-8A6A-E8958D7F866A}.Debug|Any CPU.ActiveCfg = Debug|iPhoneSimulator
		{046C3023-2361-4BBC-8A6A-E8958D7F866A}.Debug|Any CPU.Build.0 = Debug|iPhoneSimulator
		{046C3023-2361-4BBC-8A6A-E8958D7F866A}.Debug|Any CPU.Deploy.0 = Debug|iPhoneSimulator
		{046C3023-2361-4BBC-8A6A-E8958D7F866A}.Debug|iPhone.ActiveCfg = Debug|iPhone
		{046C3023-2361-4BBC-8A6A-E8958D7F866A}.Debug|iPhone.Build.0 = Debug|iPhone
		{046C3023-2361-4BBC-8A6A-E8958D7F866A}.Debug|iPhone.Deploy.0 = Debug|iPhone
		{046C3023-2361-4BBC-8A6A-E8958D7F866A}.Debug|iPhoneSimulator.ActiveCfg = Debug|iPhoneSimulator
		{046C3023-2361-4BBC-8A6A-E8958D7F866A}.Debug|iPhoneSimulator.Build.0 = Debug|iPhoneSimulator
		{046C3023-2361-4BBC-8A6A-E8958D7F866A}.Debug|iPhoneSimulator.Deploy.0 = Debug|iPhoneSimulator
		{046C3023-2361-4BBC-8A6A-E8958D7F866A}.Release|Any CPU.ActiveCfg = Release|iPhone
		{046C3023-2361-4BBC-8A6A-E8958D7F866A}.Release|Any CPU.Build.0 = Release|iPhone
		{046C3023-2361-4BBC-8A6A-E8958D7F866A}.Release|Any CPU.Deploy.0 = Release|iPhone
		{046C3023-2361-4BBC-8A6A-E8958D7F866A}.Release|iPhone.ActiveCfg = Release|iPhone
		{046C3023-2361-4BBC-8A6A-E8958D7F866A}.Release|iPhone.Build.0 = Release|iPhone
		{046C3023-2361-4BBC-8A6A-E8958D7F866A}.Release|iPhone.Deploy.0 = Release|iPhone
		{046C3023-2361-4BBC-8A6A-E8958D7F866A}.Release|iPhoneSimulator.ActiveCfg = Release|iPhoneSimulator
		{046C3023-2361-4BBC-8A6A-E8958D7F866A}.Release|iPhoneSimulator.Build.0 = Release|iPhoneSimulator
		{046C3023-2361-4BBC-8A6A-E8958D7F866A}.Release|iPhoneSimulator.Deploy.0 = Release|iPhoneSimulator
		{EC2284B6-CB09-41AE-8617-7FDADFAA44A7}.Ad-Hoc|Any CPU.ActiveCfg = Debug|Any CPU
		{EC2284B6-CB09-41AE-8617-7FDADFAA44A7}.Ad-Hoc|Any CPU.Build.0 = Debug|Any CPU
		{EC2284B6-CB09-41AE-8617-7FDADFAA44A7}.Ad-Hoc|Any CPU.Deploy.0 = Debug|Any CPU
		{EC2284B6-CB09-41AE-8617-7FDADFAA44A7}.Ad-Hoc|iPhone.ActiveCfg = Debug|Any CPU
		{EC2284B6-CB09-41AE-8617-7FDADFAA44A7}.Ad-Hoc|iPhone.Build.0 = Debug|Any CPU
		{EC2284B6-CB09-41AE-8617-7FDADFAA44A7}.Ad-Hoc|iPhone.Deploy.0 = Debug|Any CPU
		{EC2284B6-CB09-41AE-8617-7FDADFAA44A7}.Ad-Hoc|iPhoneSimulator.ActiveCfg = Debug|Any CPU
		{EC2284B6-CB09-41AE-8617-7FDADFAA44A7}.Ad-Hoc|iPhoneSimulator.Build.0 = Debug|Any CPU
		{EC2284B6-CB09-41AE-8617-7FDADFAA44A7}.Ad-Hoc|iPhoneSimulator.Deploy.0 = Debug|Any CPU
		{EC2284B6-CB09-41AE-8617-7FDADFAA44A7}.AppStore|Any CPU.ActiveCfg = Debug|Any CPU
		{EC2284B6-CB09-41AE-8617-7FDADFAA44A7}.AppStore|Any CPU.Build.0 = Debug|Any CPU
		{EC2284B6-CB09-41AE-8617-7FDADFAA44A7}.AppStore|Any CPU.Deploy.0 = Debug|Any CPU
		{EC2284B6-CB09-41AE-8617-7FDADFAA44A7}.AppStore|iPhone.ActiveCfg = Debug|Any CPU
		{EC2284B6-CB09-41AE-8617-7FDADFAA44A7}.AppStore|iPhone.Build.0 = Debug|Any CPU
		{EC2284B6-CB09-41AE-8617-7FDADFAA44A7}.AppStore|iPhone.Deploy.0 = Debug|Any CPU
		{EC2284B6-CB09-41AE-8617-7FDADFAA44A7}.AppStore|iPhoneSimulator.ActiveCfg = Debug|Any CPU
		{EC2284B6-CB09-41AE-8617-7FDADFAA44A7}.AppStore|iPhoneSimulator.Build.0 = Debug|Any CPU
		{EC2284B6-CB09-41AE-8617-7FDADFAA44A7}.AppStore|iPhoneSimulator.Deploy.0 = Debug|Any CPU
		{EC2284B6-CB09-41AE-8617-7FDADFAA44A7}.Debug|Any CPU.ActiveCfg = Debug|Any CPU
		{EC2284B6-CB09-41AE-8617-7FDADFAA44A7}.Debug|Any CPU.Build.0 = Debug|Any CPU
		{EC2284B6-CB09-41AE-8617-7FDADFAA44A7}.Debug|Any CPU.Deploy.0 = Debug|Any CPU
		{EC2284B6-CB09-41AE-8617-7FDADFAA44A7}.Debug|iPhone.ActiveCfg = Debug|Any CPU
		{EC2284B6-CB09-41AE-8617-7FDADFAA44A7}.Debug|iPhone.Build.0 = Debug|Any CPU
		{EC2284B6-CB09-41AE-8617-7FDADFAA44A7}.Debug|iPhone.Deploy.0 = Debug|Any CPU
		{EC2284B6-CB09-41AE-8617-7FDADFAA44A7}.Debug|iPhoneSimulator.ActiveCfg = Debug|Any CPU
		{EC2284B6-CB09-41AE-8617-7FDADFAA44A7}.Debug|iPhoneSimulator.Build.0 = Debug|Any CPU
		{EC2284B6-CB09-41AE-8617-7FDADFAA44A7}.Debug|iPhoneSimulator.Deploy.0 = Debug|Any CPU
		{EC2284B6-CB09-41AE-8617-7FDADFAA44A7}.Release|Any CPU.ActiveCfg = Release|Any CPU
		{EC2284B6-CB09-41AE-8617-7FDADFAA44A7}.Release|Any CPU.Build.0 = Release|Any CPU
		{EC2284B6-CB09-41AE-8617-7FDADFAA44A7}.Release|Any CPU.Deploy.0 = Release|Any CPU
		{EC2284B6-CB09-41AE-8617-7FDADFAA44A7}.Release|iPhone.ActiveCfg = Release|Any CPU
		{EC2284B6-CB09-41AE-8617-7FDADFAA44A7}.Release|iPhone.Build.0 = Release|Any CPU
		{EC2284B6-CB09-41AE-8617-7FDADFAA44A7}.Release|iPhone.Deploy.0 = Release|Any CPU
		{EC2284B6-CB09-41AE-8617-7FDADFAA44A7}.Release|iPhoneSimulator.ActiveCfg = Release|Any CPU
		{EC2284B6-CB09-41AE-8617-7FDADFAA44A7}.Release|iPhoneSimulator.Build.0 = Release|Any CPU
		{EC2284B6-CB09-41AE-8617-7FDADFAA44A7}.Release|iPhoneSimulator.Deploy.0 = Release|Any CPU
	EndGlobalSection
	GlobalSection(SolutionProperties) = preSolution
		HideSolutionNode = FALSE
	EndGlobalSection
	GlobalSection(ExtensibilityGlobals) = postSolution
		SolutionGuid = {4B49AB7E-0A13-40C8-BF46-EFF656718B28}
	EndGlobalSection
EndGlobal
